// !$*UTF8*$!
{
	archiveVersion = 1;
	classes = {
	};
	objectVersion = 50;
	objects = {

/* Begin PBXBuildFile section */
		11B1F360264FA9E200AE6C25 /* AppDelegate.swift in Sources */ = {isa = PBXBuildFile; fileRef = 11B1F35F264FA9E200AE6C25 /* AppDelegate.swift */; };
		11B1F362264FA9E200AE6C25 /* SceneDelegate.swift in Sources */ = {isa = PBXBuildFile; fileRef = 11B1F361264FA9E200AE6C25 /* SceneDelegate.swift */; };
		11B1F364264FA9E200AE6C25 /* ViewController.swift in Sources */ = {isa = PBXBuildFile; fileRef = 11B1F363264FA9E200AE6C25 /* ViewController.swift */; };
		11B1F367264FA9E200AE6C25 /* Main.storyboard in Resources */ = {isa = PBXBuildFile; fileRef = 11B1F365264FA9E200AE6C25 /* Main.storyboard */; };
		11B1F369264FA9E300AE6C25 /* Assets.xcassets in Resources */ = {isa = PBXBuildFile; fileRef = 11B1F368264FA9E300AE6C25 /* Assets.xcassets */; };
		11B1F36C264FA9E300AE6C25 /* LaunchScreen.storyboard in Resources */ = {isa = PBXBuildFile; fileRef = 11B1F36A264FA9E300AE6C25 /* LaunchScreen.storyboard */; };
		11B1F376264FAA2C00AE6C25 /* FastTyping.jpg in Resources */ = {isa = PBXBuildFile; fileRef = 11B1F373264FAA2C00AE6C25 /* FastTyping.jpg */; };
		11B1F377264FAA2C00AE6C25 /* FastTyping.mp4 in Resources */ = {isa = PBXBuildFile; fileRef = 11B1F374264FAA2C00AE6C25 /* FastTyping.mp4 */; };
		11B1F378264FAA2C00AE6C25 /* Fireworks.jpg in Resources */ = {isa = PBXBuildFile; fileRef = 11B1F375264FAA2C00AE6C25 /* Fireworks.jpg */; };
/* End PBXBuildFile section */

/* Begin PBXFileReference section */
		11B1F35C264FA9E200AE6C25 /* VideoPlayer.app */ = {isa = PBXFileReference; explicitFileType = wrapper.application; includeInIndex = 0; path = VideoPlayer.app; sourceTree = BUILT_PRODUCTS_DIR; };
		11B1F35F264FA9E200AE6C25 /* AppDelegate.swift */ = {isa = PBXFileReference; lastKnownFileType = sourcecode.swift; path = AppDelegate.swift; sourceTree = "<group>"; };
		11B1F361264FA9E200AE6C25 /* SceneDelegate.swift */ = {isa = PBXFileReference; lastKnownFileType = sourcecode.swift; path = SceneDelegate.swift; sourceTree = "<group>"; };
		11B1F363264FA9E200AE6C25 /* ViewController.swift */ = {isa = PBXFileReference; lastKnownFileType = sourcecode.swift; path = ViewController.swift; sourceTree = "<group>"; };
		11B1F366264FA9E200AE6C25 /* Base */ = {isa = PBXFileReference; lastKnownFileType = file.storyboard; name = Base; path = Base.lproj/Main.storyboard; sourceTree = "<group>"; };
		11B1F368264FA9E300AE6C25 /* Assets.xcassets */ = {isa = PBXFileReference; lastKnownFileType = folder.assetcatalog; path = Assets.xcassets; sourceTree = "<group>"; };
		11B1F36B264FA9E300AE6C25 /* Base */ = {isa = PBXFileReference; lastKnownFileType = file.storyboard; name = Base; path = Base.lproj/LaunchScreen.storyboard; sourceTree = "<group>"; };
		11B1F36D264FA9E300AE6C25 /* Info.plist */ = {isa = PBXFileReference; lastKnownFileType = text.plist.xml; path = Info.plist; sourceTree = "<group>"; };
		11B1F373264FAA2C00AE6C25 /* FastTyping.jpg */ = {isa = PBXFileReference; lastKnownFileType = image.jpeg; path = FastTyping.jpg; sourceTree = "<group>"; };
		11B1F374264FAA2C00AE6C25 /* FastTyping.mp4 */ = {isa = PBXFileReference; lastKnownFileType = file; path = FastTyping.mp4; sourceTree = "<group>"; };
		11B1F375264FAA2C00AE6C25 /* Fireworks.jpg */ = {isa = PBXFileReference; lastKnownFileType = image.jpeg; path = Fireworks.jpg; sourceTree = "<group>"; };
/* End PBXFileReference section */

/* Begin PBXFrameworksBuildPhase section */
		11B1F359264FA9E200AE6C25 /* Frameworks */ = {
			isa = PBXFrameworksBuildPhase;
			buildActionMask = 2147483647;
			files = (
			);
			runOnlyForDeploymentPostprocessing = 0;
		};
/* End PBXFrameworksBuildPhase section */

/* Begin PBXGroup section */
		11B1F353264FA9E200AE6C25 = {
			isa = PBXGroup;
			children = (
				11B1F35E264FA9E200AE6C25 /* VideoPlayer */,
				11B1F35D264FA9E200AE6C25 /* Products */,
			);
			sourceTree = "<group>";
		};
		11B1F35D264FA9E200AE6C25 /* Products */ = {
			isa = PBXGroup;
			children = (
				11B1F35C264FA9E200AE6C25 /* VideoPlayer.app */,
			);
			name = Products;
			sourceTree = "<group>";
		};
		11B1F35E264FA9E200AE6C25 /* VideoPlayer */ = {
			isa = PBXGroup;
			children = (
				11B1F35F264FA9E200AE6C25 /* AppDelegate.swift */,
				11B1F361264FA9E200AE6C25 /* SceneDelegate.swift */,
				11B1F373264FAA2C00AE6C25 /* FastTyping.jpg */,
				11B1F374264FAA2C00AE6C25 /* FastTyping.mp4 */,
				11B1F375264FAA2C00AE6C25 /* Fireworks.jpg */,
				11B1F363264FA9E200AE6C25 /* ViewController.swift */,
				11B1F365264FA9E200AE6C25 /* Main.storyboard */,
				11B1F368264FA9E300AE6C25 /* Assets.xcassets */,
				11B1F36A264FA9E300AE6C25 /* LaunchScreen.storyboard */,
				11B1F36D264FA9E300AE6C25 /* Info.plist */,
			);
			path = VideoPlayer;
			sourceTree = "<group>";
		};
/* End PBXGroup section */

/* Begin PBXNativeTarget section */
		11B1F35B264FA9E200AE6C25 /* VideoPlayer */ = {
			isa = PBXNativeTarget;
			buildConfigurationList = 11B1F370264FA9E300AE6C25 /* Build configuration list for PBXNativeTarget "VideoPlayer" */;
			buildPhases = (
				11B1F358264FA9E200AE6C25 /* Sources */,
				11B1F359264FA9E200AE6C25 /* Frameworks */,
				11B1F35A264FA9E200AE6C25 /* Resources */,
			);
			buildRules = (
			);
			dependencies = (
			);
			name = VideoPlayer;
			productName = VideoPlayer;
			productReference = 11B1F35C264FA9E200AE6C25 /* VideoPlayer.app */;
			productType = "com.apple.product-type.application";
		};
/* End PBXNativeTarget section */

/* Begin PBXProject section */
		11B1F354264FA9E200AE6C25 /* Project object */ = {
			isa = PBXProject;
			attributes = {
				LastSwiftUpdateCheck = 1250;
				LastUpgradeCheck = 1250;
				TargetAttributes = {
					11B1F35B264FA9E200AE6C25 = {
						CreatedOnToolsVersion = 12.5;
					};
				};
			};
			buildConfigurationList = 11B1F357264FA9E200AE6C25 /* Build configuration list for PBXProject "VideoPlayer" */;
			compatibilityVersion = "Xcode 9.3";
			developmentRegion = en;
			hasScannedForEncodings = 0;
			knownRegions = (
				en,
				Base,
			);
			mainGroup = 11B1F353264FA9E200AE6C25;
			productRefGroup = 11B1F35D264FA9E200AE6C25 /* Products */;
			projectDirPath = "";
			projectRoot = "";
			targets = (
				11B1F35B264FA9E200AE6C25 /* VideoPlayer */,
			);
		};
/* End PBXProject section */

/* Begin PBXResourcesBuildPhase section */
		11B1F35A264FA9E200AE6C25 /* Resources */ = {
			isa = PBXResourcesBuildPhase;
			buildActionMask = 2147483647;
			files = (
				11B1F36C264FA9E300AE6C25 /* LaunchScreen.storyboard in Resources */,
				11B1F369264FA9E300AE6C25 /* Assets.xcassets in Resources */,
				11B1F377264FAA2C00AE6C25 /* FastTyping.mp4 in Resources */,
				11B1F376264FAA2C00AE6C25 /* FastTyping.jpg in Resources */,
				11B1F378264FAA2C00AE6C25 /* Fireworks.jpg in Resources */,
				11B1F367264FA9E200AE6C25 /* Main.storyboard in Resources */,
			);
			runOnlyForDeploymentPostprocessing = 0;
		};
/* End PBXResourcesBuildPhase section */

/* Begin PBXSourcesBuildPhase section */
		11B1F358264FA9E200AE6C25 /* Sources */ = {
			isa = PBXSourcesBuildPhase;
			buildActionMask = 2147483647;
			files = (
				11B1F364264FA9E200AE6C25 /* ViewController.swift in Sources */,
				11B1F360264FA9E200AE6C25 /* AppDelegate.swift in Sources */,
				11B1F362264FA9E200AE6C25 /* SceneDelegate.swift in Sources */,
			);
			runOnlyForDeploymentPostprocessing = 0;
		};
/* End PBXSourcesBuildPhase section */

/* Begin PBXVariantGroup section */
		11B1F365264FA9E200AE6C25 /* Main.storyboard */ = {
			isa = PBXVariantGroup;
			children = (
				11B1F366264FA9E200AE6C25 /* Base */,
			);
			name = Main.storyboard;
			sourceTree = "<group>";
		};
		11B1F36A264FA9E300AE6C25 /* LaunchScreen.storyboard */ = {
			isa = PBXVariantGroup;
			children = (
				11B1F36B264FA9E300AE6C25 /* Base */,
			);
			name = LaunchScreen.storyboard;
			sourceTree = "<group>";
		};
/* End PBXVariantGroup section */

/* Begin XCBuildConfiguration section */
		11B1F36E264FA9E300AE6C25 /* Debug */ = {
			isa = XCBuildConfiguration;
			buildSettings = {
				ALWAYS_SEARCH_USER_PATHS = NO;
				CLANG_ANALYZER_NONNULL = YES;
				CLANG_ANALYZER_NUMBER_OBJECT_CONVERSION = YES_AGGRESSIVE;
				CLANG_CXX_LANGUAGE_STANDARD = "gnu++14";
				CLANG_CXX_LIBRARY = "libc++";
				CLANG_ENABLE_MODULES = YES;
				CLANG_ENABLE_OBJC_ARC = YES;
				CLANG_ENABLE_OBJC_WEAK = YES;
				CLANG_WARN_BLOCK_CAPTURE_AUTORELEASING = YES;
				CLANG_WARN_BOOL_CONVERSION = YES;
				CLANG_WARN_COMMA = YES;
				CLANG_WARN_CONSTANT_CONVERSION = YES;
				CLANG_WARN_DEPRECATED_OBJC_IMPLEMENTATIONS = YES;
				CLANG_WARN_DIRECT_OBJC_ISA_USAGE = YES_ERROR;
				CLANG_WARN_DOCUMENTATION_COMMENTS = YES;
				CLANG_WARN_EMPTY_BODY = YES;
				CLANG_WARN_ENUM_CONVERSION = YES;
				CLANG_WARN_INFINITE_RECURSION = YES;
				CLANG_WARN_INT_CONVERSION = YES;
				CLANG_WARN_NON_LITERAL_NULL_CONVERSION = YES;
				CLANG_WARN_OBJC_IMPLICIT_RETAIN_SELF = YES;
				CLANG_WARN_OBJC_LITERAL_CONVERSION = YES;
				CLANG_WARN_OBJC_ROOT_CLASS = YES_ERROR;
				CLANG_WARN_QUOTED_INCLUDE_IN_FRAMEWORK_HEADER = YES;
				CLANG_WARN_RANGE_LOOP_ANALYSIS = YES;
				CLANG_WARN_STRICT_PROTOTYPES = YES;
				CLANG_WARN_SUSPICIOUS_MOVE = YES;
				CLANG_WARN_UNGUARDED_AVAILABILITY = YES_AGGRESSIVE;
				CLANG_WARN_UNREACHABLE_CODE = YES;
				CLANG_WARN__DUPLICATE_METHOD_MATCH = YES;
				COPY_PHASE_STRIP = NO;
				DEBUG_INFORMATION_FORMAT = dwarf;
				ENABLE_STRICT_OBJC_MSGSEND = YES;
				ENABLE_TESTABILITY = YES;
				GCC_C_LANGUAGE_STANDARD = gnu11;
				GCC_DYNAMIC_NO_PIC = NO;
				GCC_NO_COMMON_BLOCKS = YES;
				GCC_OPTIMIZATION_LEVEL = 0;
				GCC_PREPROCESSOR_DEFINITIONS = (
					"DEBUG=1",
					"$(inherited)",
				);
				GCC_WARN_64_TO_32_BIT_CONVERSION = YES;
				GCC_WARN_ABOUT_RETURN_TYPE = YES_ERROR;
				GCC_WARN_UNDECLARED_SELECTOR = YES;
				GCC_WARN_UNINITIALIZED_AUTOS = YES_AGGRESSIVE;
				GCC_WARN_UNUSED_FUNCTION = YES;
				GCC_WARN_UNUSED_VARIABLE = YES;
				IPHONEOS_DEPLOYMENT_TARGET = 14.5;
				MTL_ENABLE_DEBUG_INFO = INCLUDE_SOURCE;
				MTL_FAST_MATH = YES;
				ONLY_ACTIVE_ARCH = YES;
				SDKROOT = iphoneos;
				SWIFT_ACTIVE_COMPILATION_CONDITIONS = DEBUG;
				SWIFT_OPTIMIZATION_LEVEL = "-Onone";
			};
			name = Debug;
		};
		11B1F36F264FA9E300AE6C25 /* Release */ = {
			isa = XCBuildConfiguration;
			buildSettings = {
				ALWAYS_SEARCH_USER_PATHS = NO;
				CLANG_ANALYZER_NONNULL = YES;
				CLANG_ANALYZER_NUMBER_OBJECT_CONVERSION = YES_AGGRESSIVE;
				CLANG_CXX_LANGUAGE_STANDARD = "gnu++14";
				CLANG_CXX_LIBRARY = "libc++";
				CLANG_ENABLE_MODULES = YES;
				CLANG_ENABLE_OBJC_ARC = YES;
				CLANG_ENABLE_OBJC_WEAK = YES;
				CLANG_WARN_BLOCK_CAPTURE_AUTORELEASING = YES;
				CLANG_WARN_BOOL_CONVERSION = YES;
				CLANG_WARN_COMMA = YES;
				CLANG_WARN_CONSTANT_CONVERSION = YES;
				CLANG_WARN_DEPRECATED_OBJC_IMPLEMENTATIONS = YES;
				CLANG_WARN_DIRECT_OBJC_ISA_USAGE = YES_ERROR;
				CLANG_WARN_DOCUMENTATION_COMMENTS = YES;
				CLANG_WARN_EMPTY_BODY = YES;
				CLANG_WARN_ENUM_CONVERSION = YES;
				CLANG_WARN_INFINITE_RECURSION = YES;
				CLANG_WARN_INT_CONVERSION = YES;
				CLANG_WARN_NON_LITERAL_NULL_CONVERSION = YES;
				CLANG_WARN_OBJC_IMPLICIT_RETAIN_SELF = YES;
				CLANG_WARN_OBJC_LITERAL_CONVERSION = YES;
				CLANG_WARN_OBJC_ROOT_CLASS = YES_ERROR;
				CLANG_WARN_QUOTED_INCLUDE_IN_FRAMEWORK_HEADER = YES;
				CLANG_WARN_RANGE_LOOP_ANALYSIS = YES;
				CLANG_WARN_STRICT_PROTOTYPES = YES;
				CLANG_WARN_SUSPICIOUS_MOVE = YES;
				CLANG_WARN_UNGUARDED_AVAILABILITY = YES_AGGRESSIVE;
				CLANG_WARN_UNREACHABLE_CODE = YES;
				CLANG_WARN__DUPLICATE_METHOD_MATCH = YES;
				COPY_PHASE_STRIP = NO;
				DEBUG_INFORMATION_FORMAT = "dwarf-with-dsym";
				ENABLE_NS_ASSERTIONS = NO;
				ENABLE_STRICT_OBJC_MSGSEND = YES;
				GCC_C_LANGUAGE_STANDARD = gnu11;
				GCC_NO_COMMON_BLOCKS = YES;
				GCC_WARN_64_TO_32_BIT_CONVERSION = YES;
				GCC_WARN_ABOUT_RETURN_TYPE = YES_ERROR;
				GCC_WARN_UNDECLARED_SELECTOR = YES;
				GCC_WARN_UNINITIALIZED_AUTOS = YES_AGGRESSIVE;
				GCC_WARN_UNUSED_FUNCTION = YES;
				GCC_WARN_UNUSED_VARIABLE = YES;
				IPHONEOS_DEPLOYMENT_TARGET = 14.5;
				MTL_ENABLE_DEBUG_INFO = NO;
				MTL_FAST_MATH = YES;
				SDKROOT = iphoneos;
				SWIFT_COMPILATION_MODE = wholemodule;
				SWIFT_OPTIMIZATION_LEVEL = "-O";
				VALIDATE_PRODUCT = YES;
			};
			name = Release;
		};
		11B1F371264FA9E300AE6C25 /* Debug */ = {
			isa = XCBuildConfiguration;
			buildSettings = {
				ASSETCATALOG_COMPILER_APPICON_NAME = AppIcon;
				ASSETCATALOG_COMPILER_GLOBAL_ACCENT_COLOR_NAME = AccentColor;
				CODE_SIGN_STYLE = Automatic;
				INFOPLIST_FILE = VideoPlayer/Info.plist;
				LD_RUNPATH_SEARCH_PATHS = (
					"$(inherited)",
					"@executable_path/Frameworks",
				);
				PRODUCT_BUNDLE_IDENTIFIER = hyunjin.VideoPlayer;
				PRODUCT_NAME = "$(TARGET_NAME)";
				SWIFT_VERSION = 5.0;
				TARGETED_DEVICE_FAMILY = "1,2";
			};
			name = Debug;
		};
		11B1F372264FA9E300AE6C25 /* Release */ = {
			isa = XCBuildConfiguration;
			buildSettings = {
				ASSETCATALOG_COMPILER_APPICON_NAME = AppIcon;
				ASSETCATALOG_COMPILER_GLOBAL_ACCENT_COLOR_NAME = AccentColor;
				CODE_SIGN_STYLE = Automatic;
				INFOPLIST_FILE = VideoPlayer/Info.plist;
				LD_RUNPATH_SEARCH_PATHS = (
					"$(inherited)",
					"@executable_path/Frameworks",
				);
				PRODUCT_BUNDLE_IDENTIFIER = hyunjin.VideoPlayer;
				PRODUCT_NAME = "$(TARGET_NAME)";
				SWIFT_VERSION = 5.0;
				TARGETED_DEVICE_FAMILY = "1,2";
			};
			name = Release;
		};
/* End XCBuildConfiguration section */

/* Begin XCConfigurationList section */
		11B1F357264FA9E200AE6C25 /* Build configuration list for PBXProject "VideoPlayer" */ = {
			isa = XCConfigurationList;
			buildConfigurations = (
				11B1F36E264FA9E300AE6C25 /* Debug */,
				11B1F36F264FA9E300AE6C25 /* Release */,
			);
			defaultConfigurationIsVisible = 0;
			defaultConfigurationName = Release;
		};
		11B1F370264FA9E300AE6C25 /* Build configuration list for PBXNativeTarget "VideoPlayer" */ = {
			isa = XCConfigurationList;
			buildConfigurations = (
				11B1F371264FA9E300AE6C25 /* Debug */,
				11B1F372264FA9E300AE6C25 /* Release */,
			);
			defaultConfigurationIsVisible = 0;
			defaultConfigurationName = Release;
		};
/* End XCConfigurationList section */
	};
	rootObject = 11B1F354264FA9E200AE6C25 /* Project object */;
}
