// !$*UTF8*$!
{
	archiveVersion = 1;
	classes = {
	};
	objectVersion = 50;
	objects = {

/* Begin PBXBuildFile section */
		118127D4264D62CD00D59D4C /* AppDelegate.swift in Sources */ = {isa = PBXBuildFile; fileRef = 118127D3264D62CD00D59D4C /* AppDelegate.swift */; };
		118127D6264D62CD00D59D4C /* SceneDelegate.swift in Sources */ = {isa = PBXBuildFile; fileRef = 118127D5264D62CD00D59D4C /* SceneDelegate.swift */; };
		118127DB264D62CD00D59D4C /* Main.storyboard in Resources */ = {isa = PBXBuildFile; fileRef = 118127D9264D62CD00D59D4C /* Main.storyboard */; };
		118127DD264D62CF00D59D4C /* Assets.xcassets in Resources */ = {isa = PBXBuildFile; fileRef = 118127DC264D62CF00D59D4C /* Assets.xcassets */; };
		118127E0264D62CF00D59D4C /* LaunchScreen.storyboard in Resources */ = {isa = PBXBuildFile; fileRef = 118127DE264D62CF00D59D4C /* LaunchScreen.storyboard */; };
		118127E8264D666900D59D4C /* TableViewController.swift in Sources */ = {isa = PBXBuildFile; fileRef = 118127E7264D666900D59D4C /* TableViewController.swift */; };
		118127EA264D66B900D59D4C /* AddViewController.swift in Sources */ = {isa = PBXBuildFile; fileRef = 118127E9264D66B900D59D4C /* AddViewController.swift */; };
		118127EC264D66C500D59D4C /* DetailViewController.swift in Sources */ = {isa = PBXBuildFile; fileRef = 118127EB264D66C500D59D4C /* DetailViewController.swift */; };
		118127F0264D67F900D59D4C /* cart.png in Resources */ = {isa = PBXBuildFile; fileRef = 118127ED264D67F900D59D4C /* cart.png */; };
		118127F1264D67F900D59D4C /* pencil.png in Resources */ = {isa = PBXBuildFile; fileRef = 118127EE264D67F900D59D4C /* pencil.png */; };
		118127F2264D67F900D59D4C /* clock.png in Resources */ = {isa = PBXBuildFile; fileRef = 118127EF264D67F900D59D4C /* clock.png */; };
/* End PBXBuildFile section */

/* Begin PBXFileReference section */
		118127D0264D62CD00D59D4C /* TableView.app */ = {isa = PBXFileReference; explicitFileType = wrapper.application; includeInIndex = 0; path = TableView.app; sourceTree = BUILT_PRODUCTS_DIR; };
		118127D3264D62CD00D59D4C /* AppDelegate.swift */ = {isa = PBXFileReference; lastKnownFileType = sourcecode.swift; path = AppDelegate.swift; sourceTree = "<group>"; };
		118127D5264D62CD00D59D4C /* SceneDelegate.swift */ = {isa = PBXFileReference; lastKnownFileType = sourcecode.swift; path = SceneDelegate.swift; sourceTree = "<group>"; };
		118127DA264D62CD00D59D4C /* Base */ = {isa = PBXFileReference; lastKnownFileType = file.storyboard; name = Base; path = Base.lproj/Main.storyboard; sourceTree = "<group>"; };
		118127DC264D62CF00D59D4C /* Assets.xcassets */ = {isa = PBXFileReference; lastKnownFileType = folder.assetcatalog; path = Assets.xcassets; sourceTree = "<group>"; };
		118127DF264D62CF00D59D4C /* Base */ = {isa = PBXFileReference; lastKnownFileType = file.storyboard; name = Base; path = Base.lproj/LaunchScreen.storyboard; sourceTree = "<group>"; };
		118127E1264D62CF00D59D4C /* Info.plist */ = {isa = PBXFileReference; lastKnownFileType = text.plist.xml; path = Info.plist; sourceTree = "<group>"; };
		118127E7264D666900D59D4C /* TableViewController.swift */ = {isa = PBXFileReference; lastKnownFileType = sourcecode.swift; path = TableViewController.swift; sourceTree = "<group>"; };
		118127E9264D66B900D59D4C /* AddViewController.swift */ = {isa = PBXFileReference; lastKnownFileType = sourcecode.swift; path = AddViewController.swift; sourceTree = "<group>"; };
		118127EB264D66C500D59D4C /* DetailViewController.swift */ = {isa = PBXFileReference; lastKnownFileType = sourcecode.swift; path = DetailViewController.swift; sourceTree = "<group>"; };
		118127ED264D67F900D59D4C /* cart.png */ = {isa = PBXFileReference; lastKnownFileType = image.png; path = cart.png; sourceTree = "<group>"; };
		118127EE264D67F900D59D4C /* pencil.png */ = {isa = PBXFileReference; lastKnownFileType = image.png; path = pencil.png; sourceTree = "<group>"; };
		118127EF264D67F900D59D4C /* clock.png */ = {isa = PBXFileReference; lastKnownFileType = image.png; path = clock.png; sourceTree = "<group>"; };
/* End PBXFileReference section */

/* Begin PBXFrameworksBuildPhase section */
		118127CD264D62CD00D59D4C /* Frameworks */ = {
			isa = PBXFrameworksBuildPhase;
			buildActionMask = 2147483647;
			files = (
			);
			runOnlyForDeploymentPostprocessing = 0;
		};
/* End PBXFrameworksBuildPhase section */

/* Begin PBXGroup section */
		118127C7264D62CD00D59D4C = {
			isa = PBXGroup;
			children = (
				118127D2264D62CD00D59D4C /* TableView */,
				118127D1264D62CD00D59D4C /* Products */,
			);
			sourceTree = "<group>";
		};
		118127D1264D62CD00D59D4C /* Products */ = {
			isa = PBXGroup;
			children = (
				118127D0264D62CD00D59D4C /* TableView.app */,
			);
			name = Products;
			sourceTree = "<group>";
		};
		118127D2264D62CD00D59D4C /* TableView */ = {
			isa = PBXGroup;
			children = (
				118127ED264D67F900D59D4C /* cart.png */,
				118127EF264D67F900D59D4C /* clock.png */,
				118127EE264D67F900D59D4C /* pencil.png */,
				118127D3264D62CD00D59D4C /* AppDelegate.swift */,
				118127D5264D62CD00D59D4C /* SceneDelegate.swift */,
				118127D9264D62CD00D59D4C /* Main.storyboard */,
				118127DC264D62CF00D59D4C /* Assets.xcassets */,
				118127DE264D62CF00D59D4C /* LaunchScreen.storyboard */,
				118127E1264D62CF00D59D4C /* Info.plist */,
				118127E7264D666900D59D4C /* TableViewController.swift */,
				118127E9264D66B900D59D4C /* AddViewController.swift */,
				118127EB264D66C500D59D4C /* DetailViewController.swift */,
			);
			path = TableView;
			sourceTree = "<group>";
		};
/* End PBXGroup section */

/* Begin PBXNativeTarget section */
		118127CF264D62CD00D59D4C /* TableView */ = {
			isa = PBXNativeTarget;
			buildConfigurationList = 118127E4264D62CF00D59D4C /* Build configuration list for PBXNativeTarget "TableView" */;
			buildPhases = (
				118127CC264D62CD00D59D4C /* Sources */,
				118127CD264D62CD00D59D4C /* Frameworks */,
				118127CE264D62CD00D59D4C /* Resources */,
			);
			buildRules = (
			);
			dependencies = (
			);
			name = TableView;
			productName = TableView;
			productReference = 118127D0264D62CD00D59D4C /* TableView.app */;
			productType = "com.apple.product-type.application";
		};
/* End PBXNativeTarget section */

/* Begin PBXProject section */
		118127C8264D62CD00D59D4C /* Project object */ = {
			isa = PBXProject;
			attributes = {
				LastSwiftUpdateCheck = 1250;
				LastUpgradeCheck = 1250;
				TargetAttributes = {
					118127CF264D62CD00D59D4C = {
						CreatedOnToolsVersion = 12.5;
					};
				};
			};
			buildConfigurationList = 118127CB264D62CD00D59D4C /* Build configuration list for PBXProject "TableView" */;
			compatibilityVersion = "Xcode 9.3";
			developmentRegion = en;
			hasScannedForEncodings = 0;
			knownRegions = (
				en,
				Base,
			);
			mainGroup = 118127C7264D62CD00D59D4C;
			productRefGroup = 118127D1264D62CD00D59D4C /* Products */;
			projectDirPath = "";
			projectRoot = "";
			targets = (
				118127CF264D62CD00D59D4C /* TableView */,
			);
		};
/* End PBXProject section */

/* Begin PBXResourcesBuildPhase section */
		118127CE264D62CD00D59D4C /* Resources */ = {
			isa = PBXResourcesBuildPhase;
			buildActionMask = 2147483647;
			files = (
				118127F2264D67F900D59D4C /* clock.png in Resources */,
				118127F1264D67F900D59D4C /* pencil.png in Resources */,
				118127E0264D62CF00D59D4C /* LaunchScreen.storyboard in Resources */,
				118127F0264D67F900D59D4C /* cart.png in Resources */,
				118127DD264D62CF00D59D4C /* Assets.xcassets in Resources */,
				118127DB264D62CD00D59D4C /* Main.storyboard in Resources */,
			);
			runOnlyForDeploymentPostprocessing = 0;
		};
/* End PBXResourcesBuildPhase section */

/* Begin PBXSourcesBuildPhase section */
		118127CC264D62CD00D59D4C /* Sources */ = {
			isa = PBXSourcesBuildPhase;
			buildActionMask = 2147483647;
			files = (
				118127D4264D62CD00D59D4C /* AppDelegate.swift in Sources */,
				118127E8264D666900D59D4C /* TableViewController.swift in Sources */,
				118127EC264D66C500D59D4C /* DetailViewController.swift in Sources */,
				118127EA264D66B900D59D4C /* AddViewController.swift in Sources */,
				118127D6264D62CD00D59D4C /* SceneDelegate.swift in Sources */,
			);
			runOnlyForDeploymentPostprocessing = 0;
		};
/* End PBXSourcesBuildPhase section */

/* Begin PBXVariantGroup section */
		118127D9264D62CD00D59D4C /* Main.storyboard */ = {
			isa = PBXVariantGroup;
			children = (
				118127DA264D62CD00D59D4C /* Base */,
			);
			name = Main.storyboard;
			sourceTree = "<group>";
		};
		118127DE264D62CF00D59D4C /* LaunchScreen.storyboard */ = {
			isa = PBXVariantGroup;
			children = (
				118127DF264D62CF00D59D4C /* Base */,
			);
			name = LaunchScreen.storyboard;
			sourceTree = "<group>";
		};
/* End PBXVariantGroup section */

/* Begin XCBuildConfiguration section */
		118127E2264D62CF00D59D4C /* Debug */ = {
			isa = XCBuildConfiguration;
			buildSettings = {
				ALWAYS_SEARCH_USER_PATHS = NO;
				CLANG_ANALYZER_NONNULL = YES;
				CLANG_ANALYZER_NUMBER_OBJECT_CONVERSION = YES_AGGRESSIVE;
				CLANG_CXX_LANGUAGE_STANDARD = "gnu++14";
				CLANG_CXX_LIBRARY = "libc++";
				CLANG_ENABLE_MODULES = YES;
				CLANG_ENABLE_OBJC_ARC = YES;
				CLANG_ENABLE_OBJC_WEAK = YES;
				CLANG_WARN_BLOCK_CAPTURE_AUTORELEASING = YES;
				CLANG_WARN_BOOL_CONVERSION = YES;
				CLANG_WARN_COMMA = YES;
				CLANG_WARN_CONSTANT_CONVERSION = YES;
				CLANG_WARN_DEPRECATED_OBJC_IMPLEMENTATIONS = YES;
				CLANG_WARN_DIRECT_OBJC_ISA_USAGE = YES_ERROR;
				CLANG_WARN_DOCUMENTATION_COMMENTS = YES;
				CLANG_WARN_EMPTY_BODY = YES;
				CLANG_WARN_ENUM_CONVERSION = YES;
				CLANG_WARN_INFINITE_RECURSION = YES;
				CLANG_WARN_INT_CONVERSION = YES;
				CLANG_WARN_NON_LITERAL_NULL_CONVERSION = YES;
				CLANG_WARN_OBJC_IMPLICIT_RETAIN_SELF = YES;
				CLANG_WARN_OBJC_LITERAL_CONVERSION = YES;
				CLANG_WARN_OBJC_ROOT_CLASS = YES_ERROR;
				CLANG_WARN_QUOTED_INCLUDE_IN_FRAMEWORK_HEADER = YES;
				CLANG_WARN_RANGE_LOOP_ANALYSIS = YES;
				CLANG_WARN_STRICT_PROTOTYPES = YES;
				CLANG_WARN_SUSPICIOUS_MOVE = YES;
				CLANG_WARN_UNGUARDED_AVAILABILITY = YES_AGGRESSIVE;
				CLANG_WARN_UNREACHABLE_CODE = YES;
				CLANG_WARN__DUPLICATE_METHOD_MATCH = YES;
				COPY_PHASE_STRIP = NO;
				DEBUG_INFORMATION_FORMAT = dwarf;
				ENABLE_STRICT_OBJC_MSGSEND = YES;
				ENABLE_TESTABILITY = YES;
				GCC_C_LANGUAGE_STANDARD = gnu11;
				GCC_DYNAMIC_NO_PIC = NO;
				GCC_NO_COMMON_BLOCKS = YES;
				GCC_OPTIMIZATION_LEVEL = 0;
				GCC_PREPROCESSOR_DEFINITIONS = (
					"DEBUG=1",
					"$(inherited)",
				);
				GCC_WARN_64_TO_32_BIT_CONVERSION = YES;
				GCC_WARN_ABOUT_RETURN_TYPE = YES_ERROR;
				GCC_WARN_UNDECLARED_SELECTOR = YES;
				GCC_WARN_UNINITIALIZED_AUTOS = YES_AGGRESSIVE;
				GCC_WARN_UNUSED_FUNCTION = YES;
				GCC_WARN_UNUSED_VARIABLE = YES;
				IPHONEOS_DEPLOYMENT_TARGET = 14.5;
				MTL_ENABLE_DEBUG_INFO = INCLUDE_SOURCE;
				MTL_FAST_MATH = YES;
				ONLY_ACTIVE_ARCH = YES;
				SDKROOT = iphoneos;
				SWIFT_ACTIVE_COMPILATION_CONDITIONS = DEBUG;
				SWIFT_OPTIMIZATION_LEVEL = "-Onone";
			};
			name = Debug;
		};
		118127E3264D62CF00D59D4C /* Release */ = {
			isa = XCBuildConfiguration;
			buildSettings = {
				ALWAYS_SEARCH_USER_PATHS = NO;
				CLANG_ANALYZER_NONNULL = YES;
				CLANG_ANALYZER_NUMBER_OBJECT_CONVERSION = YES_AGGRESSIVE;
				CLANG_CXX_LANGUAGE_STANDARD = "gnu++14";
				CLANG_CXX_LIBRARY = "libc++";
				CLANG_ENABLE_MODULES = YES;
				CLANG_ENABLE_OBJC_ARC = YES;
				CLANG_ENABLE_OBJC_WEAK = YES;
				CLANG_WARN_BLOCK_CAPTURE_AUTORELEASING = YES;
				CLANG_WARN_BOOL_CONVERSION = YES;
				CLANG_WARN_COMMA = YES;
				CLANG_WARN_CONSTANT_CONVERSION = YES;
				CLANG_WARN_DEPRECATED_OBJC_IMPLEMENTATIONS = YES;
				CLANG_WARN_DIRECT_OBJC_ISA_USAGE = YES_ERROR;
				CLANG_WARN_DOCUMENTATION_COMMENTS = YES;
				CLANG_WARN_EMPTY_BODY = YES;
				CLANG_WARN_ENUM_CONVERSION = YES;
				CLANG_WARN_INFINITE_RECURSION = YES;
				CLANG_WARN_INT_CONVERSION = YES;
				CLANG_WARN_NON_LITERAL_NULL_CONVERSION = YES;
				CLANG_WARN_OBJC_IMPLICIT_RETAIN_SELF = YES;
				CLANG_WARN_OBJC_LITERAL_CONVERSION = YES;
				CLANG_WARN_OBJC_ROOT_CLASS = YES_ERROR;
				CLANG_WARN_QUOTED_INCLUDE_IN_FRAMEWORK_HEADER = YES;
				CLANG_WARN_RANGE_LOOP_ANALYSIS = YES;
				CLANG_WARN_STRICT_PROTOTYPES = YES;
				CLANG_WARN_SUSPICIOUS_MOVE = YES;
				CLANG_WARN_UNGUARDED_AVAILABILITY = YES_AGGRESSIVE;
				CLANG_WARN_UNREACHABLE_CODE = YES;
				CLANG_WARN__DUPLICATE_METHOD_MATCH = YES;
				COPY_PHASE_STRIP = NO;
				DEBUG_INFORMATION_FORMAT = "dwarf-with-dsym";
				ENABLE_NS_ASSERTIONS = NO;
				ENABLE_STRICT_OBJC_MSGSEND = YES;
				GCC_C_LANGUAGE_STANDARD = gnu11;
				GCC_NO_COMMON_BLOCKS = YES;
				GCC_WARN_64_TO_32_BIT_CONVERSION = YES;
				GCC_WARN_ABOUT_RETURN_TYPE = YES_ERROR;
				GCC_WARN_UNDECLARED_SELECTOR = YES;
				GCC_WARN_UNINITIALIZED_AUTOS = YES_AGGRESSIVE;
				GCC_WARN_UNUSED_FUNCTION = YES;
				GCC_WARN_UNUSED_VARIABLE = YES;
				IPHONEOS_DEPLOYMENT_TARGET = 14.5;
				MTL_ENABLE_DEBUG_INFO = NO;
				MTL_FAST_MATH = YES;
				SDKROOT = iphoneos;
				SWIFT_COMPILATION_MODE = wholemodule;
				SWIFT_OPTIMIZATION_LEVEL = "-O";
				VALIDATE_PRODUCT = YES;
			};
			name = Release;
		};
		118127E5264D62CF00D59D4C /* Debug */ = {
			isa = XCBuildConfiguration;
			buildSettings = {
				ASSETCATALOG_COMPILER_APPICON_NAME = AppIcon;
				ASSETCATALOG_COMPILER_GLOBAL_ACCENT_COLOR_NAME = AccentColor;
				CODE_SIGN_STYLE = Automatic;
				INFOPLIST_FILE = TableView/Info.plist;
				LD_RUNPATH_SEARCH_PATHS = (
					"$(inherited)",
					"@executable_path/Frameworks",
				);
				PRODUCT_BUNDLE_IDENTIFIER = hyunjin.TableView;
				PRODUCT_NAME = "$(TARGET_NAME)";
				SWIFT_VERSION = 5.0;
				TARGETED_DEVICE_FAMILY = "1,2";
			};
			name = Debug;
		};
		118127E6264D62CF00D59D4C /* Release */ = {
			isa = XCBuildConfiguration;
			buildSettings = {
				ASSETCATALOG_COMPILER_APPICON_NAME = AppIcon;
				ASSETCATALOG_COMPILER_GLOBAL_ACCENT_COLOR_NAME = AccentColor;
				CODE_SIGN_STYLE = Automatic;
				INFOPLIST_FILE = TableView/Info.plist;
				LD_RUNPATH_SEARCH_PATHS = (
					"$(inherited)",
					"@executable_path/Frameworks",
				);
				PRODUCT_BUNDLE_IDENTIFIER = hyunjin.TableView;
				PRODUCT_NAME = "$(TARGET_NAME)";
				SWIFT_VERSION = 5.0;
				TARGETED_DEVICE_FAMILY = "1,2";
			};
			name = Release;
		};
/* End XCBuildConfiguration section */

/* Begin XCConfigurationList section */
		118127CB264D62CD00D59D4C /* Build configuration list for PBXProject "TableView" */ = {
			isa = XCConfigurationList;
			buildConfigurations = (
				118127E2264D62CF00D59D4C /* Debug */,
				118127E3264D62CF00D59D4C /* Release */,
			);
			defaultConfigurationIsVisible = 0;
			defaultConfigurationName = Release;
		};
		118127E4264D62CF00D59D4C /* Build configuration list for PBXNativeTarget "TableView" */ = {
			isa = XCConfigurationList;
			buildConfigurations = (
				118127E5264D62CF00D59D4C /* Debug */,
				118127E6264D62CF00D59D4C /* Release */,
			);
			defaultConfigurationIsVisible = 0;
			defaultConfigurationName = Release;
		};
/* End XCConfigurationList section */
	};
	rootObject = 118127C8264D62CD00D59D4C /* Project object */;
}
