// !$*UTF8*$!
{
	archiveVersion = 1;
	classes = {
	};
	objectVersion = 77;
	objects = {

/* Begin PBXContainerItemProxy section */
		CAA775A12DC36F8200E47F6C /* PBXContainerItemProxy */ = {
			isa = PBXContainerItemProxy;
			containerPortal = CAA7758B2DC36F8100E47F6C /* Project object */;
			proxyType = 1;
			remoteGlobalIDString = CAA775922DC36F8100E47F6C;
			remoteInfo = "Dice-SwiftUI";
		};
		CAA775AB2DC36F8200E47F6C /* PBXContainerItemProxy */ = {
			isa = PBXContainerItemProxy;
			containerPortal = CAA7758B2DC36F8100E47F6C /* Project object */;
			proxyType = 1;
			remoteGlobalIDString = CAA775922DC36F8100E47F6C;
			remoteInfo = "Dice-SwiftUI";
		};
/* End PBXContainerItemProxy section */

/* Begin PBXFileReference section */
		CAA775932DC36F8100E47F6C /* Dice-SwiftUI.app */ = {isa = PBXFileReference; explicitFileType = wrapper.application; includeInIndex = 0; path = "Dice-SwiftUI.app"; sourceTree = BUILT_PRODUCTS_DIR; };
		CAA775A02DC36F8200E47F6C /* Dice-SwiftUITests.xctest */ = {isa = PBXFileReference; explicitFileType = wrapper.cfbundle; includeInIndex = 0; path = "Dice-SwiftUITests.xctest"; sourceTree = BUILT_PRODUCTS_DIR; };
		CAA775AA2DC36F8200E47F6C /* Dice-SwiftUIUITests.xctest */ = {isa = PBXFileReference; explicitFileType = wrapper.cfbundle; includeInIndex = 0; path = "Dice-SwiftUIUITests.xctest"; sourceTree = BUILT_PRODUCTS_DIR; };
/* End PBXFileReference section */

/* Begin PBXFileSystemSynchronizedRootGroup section */
		CAA775952DC36F8100E47F6C /* Dice-SwiftUI */ = {
			isa = PBXFileSystemSynchronizedRootGroup;
			path = "Dice-SwiftUI";
			sourceTree = "<group>";
		};
		CAA775A32DC36F8200E47F6C /* Dice-SwiftUITests */ = {
			isa = PBXFileSystemSynchronizedRootGroup;
			path = "Dice-SwiftUITests";
			sourceTree = "<group>";
		};
		CAA775AD2DC36F8200E47F6C /* Dice-SwiftUIUITests */ = {
			isa = PBXFileSystemSynchronizedRootGroup;
			path = "Dice-SwiftUIUITests";
			sourceTree = "<group>";
		};
/* End PBXFileSystemSynchronizedRootGroup section */

/* Begin PBXFrameworksBuildPhase section */
		CAA775902DC36F8100E47F6C /* Frameworks */ = {
			isa = PBXFrameworksBuildPhase;
			buildActionMask = 2147483647;
			files = (
			);
			runOnlyForDeploymentPostprocessing = 0;
		};
		CAA7759D2DC36F8200E47F6C /* Frameworks */ = {
			isa = PBXFrameworksBuildPhase;
			buildActionMask = 2147483647;
			files = (
			);
			runOnlyForDeploymentPostprocessing = 0;
		};
		CAA775A72DC36F8200E47F6C /* Frameworks */ = {
			isa = PBXFrameworksBuildPhase;
			buildActionMask = 2147483647;
			files = (
			);
			runOnlyForDeploymentPostprocessing = 0;
		};
/* End PBXFrameworksBuildPhase section */

/* Begin PBXGroup section */
		CAA7758A2DC36F8100E47F6C = {
			isa = PBXGroup;
			children = (
				CAA775952DC36F8100E47F6C /* Dice-SwiftUI */,
				CAA775A32DC36F8200E47F6C /* Dice-SwiftUITests */,
				CAA775AD2DC36F8200E47F6C /* Dice-SwiftUIUITests */,
				CAA775942DC36F8100E47F6C /* Products */,
			);
			sourceTree = "<group>";
		};
		CAA775942DC36F8100E47F6C /* Products */ = {
			isa = PBXGroup;
			children = (
				CAA775932DC36F8100E47F6C /* Dice-SwiftUI.app */,
				CAA775A02DC36F8200E47F6C /* Dice-SwiftUITests.xctest */,
				CAA775AA2DC36F8200E47F6C /* Dice-SwiftUIUITests.xctest */,
			);
			name = Products;
			sourceTree = "<group>";
		};
/* End PBXGroup section */

/* Begin PBXNativeTarget section */
		CAA775922DC36F8100E47F6C /* Dice-SwiftUI */ = {
			isa = PBXNativeTarget;
			buildConfigurationList = CAA775B42DC36F8200E47F6C /* Build configuration list for PBXNativeTarget "Dice-SwiftUI" */;
			buildPhases = (
				CAA7758F2DC36F8100E47F6C /* Sources */,
				CAA775902DC36F8100E47F6C /* Frameworks */,
				CAA775912DC36F8100E47F6C /* Resources */,
			);
			buildRules = (
			);
			dependencies = (
			);
			fileSystemSynchronizedGroups = (
				CAA775952DC36F8100E47F6C /* Dice-SwiftUI */,
			);
			name = "Dice-SwiftUI";
			packageProductDependencies = (
			);
			productName = "Dice-SwiftUI";
			productReference = CAA775932DC36F8100E47F6C /* Dice-SwiftUI.app */;
			productType = "com.apple.product-type.application";
		};
		CAA7759F2DC36F8200E47F6C /* Dice-SwiftUITests */ = {
			isa = PBXNativeTarget;
			buildConfigurationList = CAA775B72DC36F8200E47F6C /* Build configuration list for PBXNativeTarget "Dice-SwiftUITests" */;
			buildPhases = (
				CAA7759C2DC36F8200E47F6C /* Sources */,
				CAA7759D2DC36F8200E47F6C /* Frameworks */,
				CAA7759E2DC36F8200E47F6C /* Resources */,
			);
			buildRules = (
			);
			dependencies = (
				CAA775A22DC36F8200E47F6C /* PBXTargetDependency */,
			);
			fileSystemSynchronizedGroups = (
				CAA775A32DC36F8200E47F6C /* Dice-SwiftUITests */,
			);
			name = "Dice-SwiftUITests";
			packageProductDependencies = (
			);
			productName = "Dice-SwiftUITests";
			productReference = CAA775A02DC36F8200E47F6C /* Dice-SwiftUITests.xctest */;
			productType = "com.apple.product-type.bundle.unit-test";
		};
		CAA775A92DC36F8200E47F6C /* Dice-SwiftUIUITests */ = {
			isa = PBXNativeTarget;
			buildConfigurationList = CAA775BA2DC36F8200E47F6C /* Build configuration list for PBXNativeTarget "Dice-SwiftUIUITests" */;
			buildPhases = (
				CAA775A62DC36F8200E47F6C /* Sources */,
				CAA775A72DC36F8200E47F6C /* Frameworks */,
				CAA775A82DC36F8200E47F6C /* Resources */,
			);
			buildRules = (
			);
			dependencies = (
				CAA775AC2DC36F8200E47F6C /* PBXTargetDependency */,
			);
			fileSystemSynchronizedGroups = (
				CAA775AD2DC36F8200E47F6C /* Dice-SwiftUIUITests */,
			);
			name = "Dice-SwiftUIUITests";
			packageProductDependencies = (
			);
			productName = "Dice-SwiftUIUITests";
			productReference = CAA775AA2DC36F8200E47F6C /* Dice-SwiftUIUITests.xctest */;
			productType = "com.apple.product-type.bundle.ui-testing";
		};
/* End PBXNativeTarget section */

/* Begin PBXProject section */
		CAA7758B2DC36F8100E47F6C /* Project object */ = {
			isa = PBXProject;
			attributes = {
				BuildIndependentTargetsInParallel = 1;
				LastSwiftUpdateCheck = 1630;
				LastUpgradeCheck = 1630;
				TargetAttributes = {
					CAA775922DC36F8100E47F6C = {
						CreatedOnToolsVersion = 16.3;
					};
					CAA7759F2DC36F8200E47F6C = {
						CreatedOnToolsVersion = 16.3;
						TestTargetID = CAA775922DC36F8100E47F6C;
					};
					CAA775A92DC36F8200E47F6C = {
						CreatedOnToolsVersion = 16.3;
						TestTargetID = CAA775922DC36F8100E47F6C;
					};
				};
			};
			buildConfigurationList = CAA7758E2DC36F8100E47F6C /* Build configuration list for PBXProject "Dice-SwiftUI" */;
			developmentRegion = en;
			hasScannedForEncodings = 0;
			knownRegions = (
				en,
				Base,
			);
			mainGroup = CAA7758A2DC36F8100E47F6C;
			minimizedProjectReferenceProxies = 1;
			preferredProjectObjectVersion = 77;
			productRefGroup = CAA775942DC36F8100E47F6C /* Products */;
			projectDirPath = "";
			projectRoot = "";
			targets = (
				CAA775922DC36F8100E47F6C /* Dice-SwiftUI */,
				CAA7759F2DC36F8200E47F6C /* Dice-SwiftUITests */,
				CAA775A92DC36F8200E47F6C /* Dice-SwiftUIUITests */,
			);
		};
/* End PBXProject section */

/* Begin PBXResourcesBuildPhase section */
		CAA775912DC36F8100E47F6C /* Resources */ = {
			isa = PBXResourcesBuildPhase;
			buildActionMask = 2147483647;
			files = (
			);
			runOnlyForDeploymentPostprocessing = 0;
		};
		CAA7759E2DC36F8200E47F6C /* Resources */ = {
			isa = PBXResourcesBuildPhase;
			buildActionMask = 2147483647;
			files = (
			);
			runOnlyForDeploymentPostprocessing = 0;
		};
		CAA775A82DC36F8200E47F6C /* Resources */ = {
			isa = PBXResourcesBuildPhase;
			buildActionMask = 2147483647;
			files = (
			);
			runOnlyForDeploymentPostprocessing = 0;
		};
/* End PBXResourcesBuildPhase section */

/* Begin PBXSourcesBuildPhase section */
		CAA7758F2DC36F8100E47F6C /* Sources */ = {
			isa = PBXSourcesBuildPhase;
			buildActionMask = 2147483647;
			files = (
			);
			runOnlyForDeploymentPostprocessing = 0;
		};
		CAA7759C2DC36F8200E47F6C /* Sources */ = {
			isa = PBXSourcesBuildPhase;
			buildActionMask = 2147483647;
			files = (
			);
			runOnlyForDeploymentPostprocessing = 0;
		};
		CAA775A62DC36F8200E47F6C /* Sources */ = {
			isa = PBXSourcesBuildPhase;
			buildActionMask = 2147483647;
			files = (
			);
			runOnlyForDeploymentPostprocessing = 0;
		};
/* End PBXSourcesBuildPhase section */

/* Begin PBXTargetDependency section */
		CAA775A22DC36F8200E47F6C /* PBXTargetDependency */ = {
			isa = PBXTargetDependency;
			target = CAA775922DC36F8100E47F6C /* Dice-SwiftUI */;
			targetProxy = CAA775A12DC36F8200E47F6C /* PBXContainerItemProxy */;
		};
		CAA775AC2DC36F8200E47F6C /* PBXTargetDependency */ = {
			isa = PBXTargetDependency;
			target = CAA775922DC36F8100E47F6C /* Dice-SwiftUI */;
			targetProxy = CAA775AB2DC36F8200E47F6C /* PBXContainerItemProxy */;
		};
/* End PBXTargetDependency section */

/* Begin XCBuildConfiguration section */
		CAA775B22DC36F8200E47F6C /* Debug */ = {
			isa = XCBuildConfiguration;
			buildSettings = {
				ALWAYS_SEARCH_USER_PATHS = NO;
				ASSETCATALOG_COMPILER_GENERATE_SWIFT_ASSET_SYMBOL_EXTENSIONS = YES;
				CLANG_ANALYZER_NONNULL = YES;
				CLANG_ANALYZER_NUMBER_OBJECT_CONVERSION = YES_AGGRESSIVE;
				CLANG_CXX_LANGUAGE_STANDARD = "gnu++20";
				CLANG_ENABLE_MODULES = YES;
				CLANG_ENABLE_OBJC_ARC = YES;
				CLANG_ENABLE_OBJC_WEAK = YES;
				CLANG_WARN_BLOCK_CAPTURE_AUTORELEASING = YES;
				CLANG_WARN_BOOL_CONVERSION = YES;
				CLANG_WARN_COMMA = YES;
				CLANG_WARN_CONSTANT_CONVERSION = YES;
				CLANG_WARN_DEPRECATED_OBJC_IMPLEMENTATIONS = YES;
				CLANG_WARN_DIRECT_OBJC_ISA_USAGE = YES_ERROR;
				CLANG_WARN_DOCUMENTATION_COMMENTS = YES;
				CLANG_WARN_EMPTY_BODY = YES;
				CLANG_WARN_ENUM_CONVERSION = YES;
				CLANG_WARN_INFINITE_RECURSION = YES;
				CLANG_WARN_INT_CONVERSION = YES;
				CLANG_WARN_NON_LITERAL_NULL_CONVERSION = YES;
				CLANG_WARN_OBJC_IMPLICIT_RETAIN_SELF = YES;
				CLANG_WARN_OBJC_LITERAL_CONVERSION = YES;
				CLANG_WARN_OBJC_ROOT_CLASS = YES_ERROR;
				CLANG_WARN_QUOTED_INCLUDE_IN_FRAMEWORK_HEADER = YES;
				CLANG_WARN_RANGE_LOOP_ANALYSIS = YES;
				CLANG_WARN_STRICT_PROTOTYPES = YES;
				CLANG_WARN_SUSPICIOUS_MOVE = YES;
				CLANG_WARN_UNGUARDED_AVAILABILITY = YES_AGGRESSIVE;
				CLANG_WARN_UNREACHABLE_CODE = YES;
				CLANG_WARN__DUPLICATE_METHOD_MATCH = YES;
				COPY_PHASE_STRIP = NO;
				DEBUG_INFORMATION_FORMAT = dwarf;
				ENABLE_STRICT_OBJC_MSGSEND = YES;
				ENABLE_TESTABILITY = YES;
				ENABLE_USER_SCRIPT_SANDBOXING = YES;
				GCC_C_LANGUAGE_STANDARD = gnu17;
				GCC_DYNAMIC_NO_PIC = NO;
				GCC_NO_COMMON_BLOCKS = YES;
				GCC_OPTIMIZATION_LEVEL = 0;
				GCC_PREPROCESSOR_DEFINITIONS = (
					"DEBUG=1",
					"$(inherited)",
				);
				GCC_WARN_64_TO_32_BIT_CONVERSION = YES;
				GCC_WARN_ABOUT_RETURN_TYPE = YES_ERROR;
				GCC_WARN_UNDECLARED_SELECTOR = YES;
				GCC_WARN_UNINITIALIZED_AUTOS = YES_AGGRESSIVE;
				GCC_WARN_UNUSED_FUNCTION = YES;
				GCC_WARN_UNUSED_VARIABLE = YES;
				IPHONEOS_DEPLOYMENT_TARGET = 18.4;
				LOCALIZATION_PREFERS_STRING_CATALOGS = YES;
				MTL_ENABLE_DEBUG_INFO = INCLUDE_SOURCE;
				MTL_FAST_MATH = YES;
				ONLY_ACTIVE_ARCH = YES;
				SDKROOT = iphoneos;
				SWIFT_ACTIVE_COMPILATION_CONDITIONS = "DEBUG $(inherited)";
				SWIFT_OPTIMIZATION_LEVEL = "-Onone";
			};
			name = Debug;
		};
		CAA775B32DC36F8200E47F6C /* Release */ = {
			isa = XCBuildConfiguration;
			buildSettings = {
				ALWAYS_SEARCH_USER_PATHS = NO;
				ASSETCATALOG_COMPILER_GENERATE_SWIFT_ASSET_SYMBOL_EXTENSIONS = YES;
				CLANG_ANALYZER_NONNULL = YES;
				CLANG_ANALYZER_NUMBER_OBJECT_CONVERSION = YES_AGGRESSIVE;
				CLANG_CXX_LANGUAGE_STANDARD = "gnu++20";
				CLANG_ENABLE_MODULES = YES;
				CLANG_ENABLE_OBJC_ARC = YES;
				CLANG_ENABLE_OBJC_WEAK = YES;
				CLANG_WARN_BLOCK_CAPTURE_AUTORELEASING = YES;
				CLANG_WARN_BOOL_CONVERSION = YES;
				CLANG_WARN_COMMA = YES;
				CLANG_WARN_CONSTANT_CONVERSION = YES;
				CLANG_WARN_DEPRECATED_OBJC_IMPLEMENTATIONS = YES;
				CLANG_WARN_DIRECT_OBJC_ISA_USAGE = YES_ERROR;
				CLANG_WARN_DOCUMENTATION_COMMENTS = YES;
				CLANG_WARN_EMPTY_BODY = YES;
				CLANG_WARN_ENUM_CONVERSION = YES;
				CLANG_WARN_INFINITE_RECURSION = YES;
				CLANG_WARN_INT_CONVERSION = YES;
				CLANG_WARN_NON_LITERAL_NULL_CONVERSION = YES;
				CLANG_WARN_OBJC_IMPLICIT_RETAIN_SELF = YES;
				CLANG_WARN_OBJC_LITERAL_CONVERSION = YES;
				CLANG_WARN_OBJC_ROOT_CLASS = YES_ERROR;
				CLANG_WARN_QUOTED_INCLUDE_IN_FRAMEWORK_HEADER = YES;
				CLANG_WARN_RANGE_LOOP_ANALYSIS = YES;
				CLANG_WARN_STRICT_PROTOTYPES = YES;
				CLANG_WARN_SUSPICIOUS_MOVE = YES;
				CLANG_WARN_UNGUARDED_AVAILABILITY = YES_AGGRESSIVE;
				CLANG_WARN_UNREACHABLE_CODE = YES;
				CLANG_WARN__DUPLICATE_METHOD_MATCH = YES;
				COPY_PHASE_STRIP = NO;
				DEBUG_INFORMATION_FORMAT = "dwarf-with-dsym";
				ENABLE_NS_ASSERTIONS = NO;
				ENABLE_STRICT_OBJC_MSGSEND = YES;
				ENABLE_USER_SCRIPT_SANDBOXING = YES;
				GCC_C_LANGUAGE_STANDARD = gnu17;
				GCC_NO_COMMON_BLOCKS = YES;
				GCC_WARN_64_TO_32_BIT_CONVERSION = YES;
				GCC_WARN_ABOUT_RETURN_TYPE = YES_ERROR;
				GCC_WARN_UNDECLARED_SELECTOR = YES;
				GCC_WARN_UNINITIALIZED_AUTOS = YES_AGGRESSIVE;
				GCC_WARN_UNUSED_FUNCTION = YES;
				GCC_WARN_UNUSED_VARIABLE = YES;
				IPHONEOS_DEPLOYMENT_TARGET = 18.4;
				LOCALIZATION_PREFERS_STRING_CATALOGS = YES;
				MTL_ENABLE_DEBUG_INFO = NO;
				MTL_FAST_MATH = YES;
				SDKROOT = iphoneos;
				SWIFT_COMPILATION_MODE = wholemodule;
				VALIDATE_PRODUCT = YES;
			};
			name = Release;
		};
		CAA775B52DC36F8200E47F6C /* Debug */ = {
			isa = XCBuildConfiguration;
			buildSettings = {
				ASSETCATALOG_COMPILER_APPICON_NAME = AppIcon;
				ASSETCATALOG_COMPILER_GLOBAL_ACCENT_COLOR_NAME = AccentColor;
				CODE_SIGN_STYLE = Automatic;
				CURRENT_PROJECT_VERSION = 1;
				ENABLE_PREVIEWS = YES;
				GENERATE_INFOPLIST_FILE = YES;
				INFOPLIST_KEY_UIApplicationSceneManifest_Generation = YES;
				INFOPLIST_KEY_UIApplicationSupportsIndirectInputEvents = YES;
				INFOPLIST_KEY_UILaunchScreen_Generation = YES;
				INFOPLIST_KEY_UISupportedInterfaceOrientations_iPad = "UIInterfaceOrientationPortrait UIInterfaceOrientationPortraitUpsideDown UIInterfaceOrientationLandscapeLeft UIInterfaceOrientationLandscapeRight";
				INFOPLIST_KEY_UISupportedInterfaceOrientations_iPhone = "UIInterfaceOrientationPortrait UIInterfaceOrientationLandscapeLeft UIInterfaceOrientationLandscapeRight";
				LD_RUNPATH_SEARCH_PATHS = (
					"$(inherited)",
					"@executable_path/Frameworks",
				);
				MARKETING_VERSION = 1.0;
				PRODUCT_BUNDLE_IDENTIFIER = "com.github.kim-hyunjin.Dice-SwiftUI";
				PRODUCT_NAME = "$(TARGET_NAME)";
				SWIFT_EMIT_LOC_STRINGS = YES;
				SWIFT_VERSION = 5.0;
				TARGETED_DEVICE_FAMILY = "1,2";
			};
			name = Debug;
		};
		CAA775B62DC36F8200E47F6C /* Release */ = {
			isa = XCBuildConfiguration;
			buildSettings = {
				ASSETCATALOG_COMPILER_APPICON_NAME = AppIcon;
				ASSETCATALOG_COMPILER_GLOBAL_ACCENT_COLOR_NAME = AccentColor;
				CODE_SIGN_STYLE = Automatic;
				CURRENT_PROJECT_VERSION = 1;
				ENABLE_PREVIEWS = YES;
				GENERATE_INFOPLIST_FILE = YES;
				INFOPLIST_KEY_UIApplicationSceneManifest_Generation = YES;
				INFOPLIST_KEY_UIApplicationSupportsIndirectInputEvents = YES;
				INFOPLIST_KEY_UILaunchScreen_Generation = YES;
				INFOPLIST_KEY_UISupportedInterfaceOrientations_iPad = "UIInterfaceOrientationPortrait UIInterfaceOrientationPortraitUpsideDown UIInterfaceOrientationLandscapeLeft UIInterfaceOrientationLandscapeRight";
				INFOPLIST_KEY_UISupportedInterfaceOrientations_iPhone = "UIInterfaceOrientationPortrait UIInterfaceOrientationLandscapeLeft UIInterfaceOrientationLandscapeRight";
				LD_RUNPATH_SEARCH_PATHS = (
					"$(inherited)",
					"@executable_path/Frameworks",
				);
				MARKETING_VERSION = 1.0;
				PRODUCT_BUNDLE_IDENTIFIER = "com.github.kim-hyunjin.Dice-SwiftUI";
				PRODUCT_NAME = "$(TARGET_NAME)";
				SWIFT_EMIT_LOC_STRINGS = YES;
				SWIFT_VERSION = 5.0;
				TARGETED_DEVICE_FAMILY = "1,2";
			};
			name = Release;
		};
		CAA775B82DC36F8200E47F6C /* Debug */ = {
			isa = XCBuildConfiguration;
			buildSettings = {
				BUNDLE_LOADER = "$(TEST_HOST)";
				CODE_SIGN_STYLE = Automatic;
				CURRENT_PROJECT_VERSION = 1;
				GENERATE_INFOPLIST_FILE = YES;
				IPHONEOS_DEPLOYMENT_TARGET = 18.4;
				MARKETING_VERSION = 1.0;
				PRODUCT_BUNDLE_IDENTIFIER = "com.github.kim-hyunjin.Dice-SwiftUITests";
				PRODUCT_NAME = "$(TARGET_NAME)";
				SWIFT_EMIT_LOC_STRINGS = NO;
				SWIFT_VERSION = 5.0;
				TARGETED_DEVICE_FAMILY = "1,2";
				TEST_HOST = "$(BUILT_PRODUCTS_DIR)/Dice-SwiftUI.app/$(BUNDLE_EXECUTABLE_FOLDER_PATH)/Dice-SwiftUI";
			};
			name = Debug;
		};
		CAA775B92DC36F8200E47F6C /* Release */ = {
			isa = XCBuildConfiguration;
			buildSettings = {
				BUNDLE_LOADER = "$(TEST_HOST)";
				CODE_SIGN_STYLE = Automatic;
				CURRENT_PROJECT_VERSION = 1;
				GENERATE_INFOPLIST_FILE = YES;
				IPHONEOS_DEPLOYMENT_TARGET = 18.4;
				MARKETING_VERSION = 1.0;
				PRODUCT_BUNDLE_IDENTIFIER = "com.github.kim-hyunjin.Dice-SwiftUITests";
				PRODUCT_NAME = "$(TARGET_NAME)";
				SWIFT_EMIT_LOC_STRINGS = NO;
				SWIFT_VERSION = 5.0;
				TARGETED_DEVICE_FAMILY = "1,2";
				TEST_HOST = "$(BUILT_PRODUCTS_DIR)/Dice-SwiftUI.app/$(BUNDLE_EXECUTABLE_FOLDER_PATH)/Dice-SwiftUI";
			};
			name = Release;
		};
		CAA775BB2DC36F8200E47F6C /* Debug */ = {
			isa = XCBuildConfiguration;
			buildSettings = {
				CODE_SIGN_STYLE = Automatic;
				CURRENT_PROJECT_VERSION = 1;
				GENERATE_INFOPLIST_FILE = YES;
				MARKETING_VERSION = 1.0;
				PRODUCT_BUNDLE_IDENTIFIER = "com.github.kim-hyunjin.Dice-SwiftUIUITests";
				PRODUCT_NAME = "$(TARGET_NAME)";
				SWIFT_EMIT_LOC_STRINGS = NO;
				SWIFT_VERSION = 5.0;
				TARGETED_DEVICE_FAMILY = "1,2";
				TEST_TARGET_NAME = "Dice-SwiftUI";
			};
			name = Debug;
		};
		CAA775BC2DC36F8200E47F6C /* Release */ = {
			isa = XCBuildConfiguration;
			buildSettings = {
				CODE_SIGN_STYLE = Automatic;
				CURRENT_PROJECT_VERSION = 1;
				GENERATE_INFOPLIST_FILE = YES;
				MARKETING_VERSION = 1.0;
				PRODUCT_BUNDLE_IDENTIFIER = "com.github.kim-hyunjin.Dice-SwiftUIUITests";
				PRODUCT_NAME = "$(TARGET_NAME)";
				SWIFT_EMIT_LOC_STRINGS = NO;
				SWIFT_VERSION = 5.0;
				TARGETED_DEVICE_FAMILY = "1,2";
				TEST_TARGET_NAME = "Dice-SwiftUI";
			};
			name = Release;
		};
/* End XCBuildConfiguration section */

/* Begin XCConfigurationList section */
		CAA7758E2DC36F8100E47F6C /* Build configuration list for PBXProject "Dice-SwiftUI" */ = {
			isa = XCConfigurationList;
			buildConfigurations = (
				CAA775B22DC36F8200E47F6C /* Debug */,
				CAA775B32DC36F8200E47F6C /* Release */,
			);
			defaultConfigurationIsVisible = 0;
			defaultConfigurationName = Release;
		};
		CAA775B42DC36F8200E47F6C /* Build configuration list for PBXNativeTarget "Dice-SwiftUI" */ = {
			isa = XCConfigurationList;
			buildConfigurations = (
				CAA775B52DC36F8200E47F6C /* Debug */,
				CAA775B62DC36F8200E47F6C /* Release */,
			);
			defaultConfigurationIsVisible = 0;
			defaultConfigurationName = Release;
		};
		CAA775B72DC36F8200E47F6C /* Build configuration list for PBXNativeTarget "Dice-SwiftUITests" */ = {
			isa = XCConfigurationList;
			buildConfigurations = (
				CAA775B82DC36F8200E47F6C /* Debug */,
				CAA775B92DC36F8200E47F6C /* Release */,
			);
			defaultConfigurationIsVisible = 0;
			defaultConfigurationName = Release;
		};
		CAA775BA2DC36F8200E47F6C /* Build configuration list for PBXNativeTarget "Dice-SwiftUIUITests" */ = {
			isa = XCConfigurationList;
			buildConfigurations = (
				CAA775BB2DC36F8200E47F6C /* Debug */,
				CAA775BC2DC36F8200E47F6C /* Release */,
			);
			defaultConfigurationIsVisible = 0;
			defaultConfigurationName = Release;
		};
/* End XCConfigurationList section */
	};
	rootObject = CAA7758B2DC36F8100E47F6C /* Project object */;
}
